
Microsoft Visual Studio Solution File, Format Version 12.00
# Visual Studio Version 17
VisualStudioVersion = 17.6.33723.286
MinimumVisualStudioVersion = 10.0.40219.1
Project("{F184B08F-C81C-45F6-A57F-5ABD9991F28F}") = "Registration form", "Registration form\Registration form.vbproj", "{896D9D72-3A64-4207-9E5D-95B2B9D93520}"
EndProject
Project("{54435603-DBB4-11D2-8724-00A0C9A8B90C}") = "Registration Form setup", "Registration Form setup\Registration Form setup.vdproj", "{6BBB799E-A04E-4F24-BEC2-CC1FACEF95C1}"
EndProject
Global
	GlobalSection(SolutionConfigurationPlatforms) = preSolution
		Debug|Any CPU = Debug|Any CPU
		Release|Any CPU = Release|Any CPU
	EndGlobalSection
	GlobalSection(ProjectConfigurationPlatforms) = postSolution
		{896D9D72-3A64-4207-9E5D-95B2B9D93520}.Debug|Any CPU.ActiveCfg = Debug|Any CPU
		{896D9D72-3A64-4207-9E5D-95B2B9D93520}.Debug|Any CPU.Build.0 = Debug|Any CPU
		{896D9D72-3A64-4207-9E5D-95B2B9D93520}.Release|Any CPU.ActiveCfg = Release|Any CPU
		{896D9D72-3A64-4207-9E5D-95B2B9D93520}.Release|Any CPU.Build.0 = Release|Any CPU
		{6BBB799E-A04E-4F24-BEC2-CC1FACEF95C1}.Debug|Any CPU.ActiveCfg = Debug
		{6BBB799E-A04E-4F24-BEC2-CC1FACEF95C1}.Release|Any CPU.ActiveCfg = Release
	EndGlobalSection
	GlobalSection(SolutionProperties) = preSolution
		HideSolutionNode = FALSE
	EndGlobalSection
	GlobalSection(ExtensibilityGlobals) = postSolution
		SolutionGuid = {233DBD25-0914-47D0-AD39-671D29D78F0A}
	EndGlobalSection
EndGlobal
